// !$*UTF8*$!
{
	archiveVersion = 1;
	classes = {
	};
	objectVersion = 56;
	objects = {

/* Begin PBXBuildFile section */
		053D7DB42B36D9E400F307E5 /* ScheduleViewController.swift in Sources */ = {isa = PBXBuildFile; fileRef = 053D7DB32B36D9E400F307E5 /* ScheduleViewController.swift */; };
		053D7DB62B36DA0000F307E5 /* NewTrackerViewController.swift in Sources */ = {isa = PBXBuildFile; fileRef = 053D7DB52B36DA0000F307E5 /* NewTrackerViewController.swift */; };
		053D7DBB2B36DB5C00F307E5 /* StatisticsViewController.swift in Sources */ = {isa = PBXBuildFile; fileRef = 053D7DBA2B36DB5C00F307E5 /* StatisticsViewController.swift */; };
		054E361B2B3F60BE0047844E /* UIColorMarshalling.swift in Sources */ = {isa = PBXBuildFile; fileRef = 054E361A2B3F60BE0047844E /* UIColorMarshalling.swift */; };
		054E36212B3F643C0047844E /* DataBase.xcdatamodeld in Sources */ = {isa = PBXBuildFile; fileRef = 054E361F2B3F643C0047844E /* DataBase.xcdatamodeld */; };
		054E36232B3F64530047844E /* TrackerStore.swift in Sources */ = {isa = PBXBuildFile; fileRef = 054E36222B3F64530047844E /* TrackerStore.swift */; };
		054E36252B3F64650047844E /* TrackerCategoryStore.swift in Sources */ = {isa = PBXBuildFile; fileRef = 054E36242B3F64650047844E /* TrackerCategoryStore.swift */; };
		054E36272B3F64730047844E /* TrackerRecordStore.swift in Sources */ = {isa = PBXBuildFile; fileRef = 054E36262B3F64730047844E /* TrackerRecordStore.swift */; };
		054E36292B3F67240047844E /* FiltersViewController.swift in Sources */ = {isa = PBXBuildFile; fileRef = 054E36282B3F67240047844E /* FiltersViewController.swift */; };
		054E362F2B488A3D0047844E /* OnboardingViewController.swift in Sources */ = {isa = PBXBuildFile; fileRef = 054E362E2B488A3D0047844E /* OnboardingViewController.swift */; };
		054E36312B4898D60047844E /* AddTrackerViewController.swift in Sources */ = {isa = PBXBuildFile; fileRef = 054E36302B4898D60047844E /* AddTrackerViewController.swift */; };
		054E36342B48A35B0047844E /* ColorCollectionViewCell.swift in Sources */ = {isa = PBXBuildFile; fileRef = 054E36332B48A35B0047844E /* ColorCollectionViewCell.swift */; };
		054E36482B494AB90047844E /* SceneDelegate.swift in Sources */ = {isa = PBXBuildFile; fileRef = 054E36472B494AB90047844E /* SceneDelegate.swift */; };
		054E364A2B494AC90047844E /* AppDelegate.swift in Sources */ = {isa = PBXBuildFile; fileRef = 054E36492B494AC90047844E /* AppDelegate.swift */; };
		054E36582B4959C00047844E /* LaunchScreen.storyboard in Resources */ = {isa = PBXBuildFile; fileRef = 054E364D2B494AE10047844E /* LaunchScreen.storyboard */; };
		054E36592B4959C80047844E /* Assets.xcassets in Resources */ = {isa = PBXBuildFile; fileRef = 054E364F2B494B130047844E /* Assets.xcassets */; };
		054E36632B495D680047844E /* Localizable.strings in Resources */ = {isa = PBXBuildFile; fileRef = 054E36652B495D680047844E /* Localizable.strings */; };
		0597CADD2B66C6770077695D /* EmojiCollectionViewCell.swift in Sources */ = {isa = PBXBuildFile; fileRef = 0597CADC2B66C6770077695D /* EmojiCollectionViewCell.swift */; };
		0597CADF2B66C6A90077695D /* TrackerViewCell.swift in Sources */ = {isa = PBXBuildFile; fileRef = 0597CADE2B66C6A90077695D /* TrackerViewCell.swift */; };
		0597CAE12B66C6E10077695D /* TrackerCategorySuplemetaryView.swift in Sources */ = {isa = PBXBuildFile; fileRef = 0597CAE02B66C6E10077695D /* TrackerCategorySuplemetaryView.swift */; };
		0597CAE32B66C7DB0077695D /* PageViewController.swift in Sources */ = {isa = PBXBuildFile; fileRef = 0597CAE22B66C7DB0077695D /* PageViewController.swift */; };
		0597CAE62B66C98F0077695D /* CategoriesViewController.swift in Sources */ = {isa = PBXBuildFile; fileRef = 0597CAE52B66C98F0077695D /* CategoriesViewController.swift */; };
		0597CAE82B66C9A60077695D /* CategoriesViewModel.swift in Sources */ = {isa = PBXBuildFile; fileRef = 0597CAE72B66C9A60077695D /* CategoriesViewModel.swift */; };
		0597CAEA2B66C9BF0077695D /* NewCategoryViewController.swift in Sources */ = {isa = PBXBuildFile; fileRef = 0597CAE92B66C9BF0077695D /* NewCategoryViewController.swift */; };
		0597CAEC2B66C9F70077695D /* Colors.swift in Sources */ = {isa = PBXBuildFile; fileRef = 0597CAEB2B66C9F70077695D /* Colors.swift */; };
		0597CAEE2B66CA550077695D /* SFProText-Bold.ttf in Resources */ = {isa = PBXBuildFile; fileRef = 0597CAED2B66CA550077695D /* SFProText-Bold.ttf */; };
		0597CAF02B66CA700077695D /* SFProText-Medium.ttf in Resources */ = {isa = PBXBuildFile; fileRef = 0597CAEF2B66CA700077695D /* SFProText-Medium.ttf */; };
		0597CAF22B66CA860077695D /* SFProText-Regular.ttf in Resources */ = {isa = PBXBuildFile; fileRef = 0597CAF12B66CA860077695D /* SFProText-Regular.ttf */; };
		05F465932B283B1A000D58DC /* TabBarViewCiontroller.swift in Sources */ = {isa = PBXBuildFile; fileRef = 05F465922B283B1A000D58DC /* TabBarViewCiontroller.swift */; };
		05F465AD2B283CD3000D58DC /* Tracker.swift in Sources */ = {isa = PBXBuildFile; fileRef = 05F465AC2B283CD3000D58DC /* Tracker.swift */; };
		05F465AF2B283CED000D58DC /* TrackersViewController.swift in Sources */ = {isa = PBXBuildFile; fileRef = 05F465AE2B283CED000D58DC /* TrackersViewController.swift */; };
		05F465B12B283D01000D58DC /* TrackerRecord.swift in Sources */ = {isa = PBXBuildFile; fileRef = 05F465B02B283D01000D58DC /* TrackerRecord.swift */; };
		05F465B52B283D30000D58DC /* TrackerCategory.swift in Sources */ = {isa = PBXBuildFile; fileRef = 05F465B42B283D30000D58DC /* TrackerCategory.swift */; };
		05F465B72B283D41000D58DC /* AnalyticService.swift in Sources */ = {isa = PBXBuildFile; fileRef = 05F465B62B283D41000D58DC /* AnalyticService.swift */; };
/* End PBXBuildFile section */

/* Begin PBXFileReference section */
		053D7DB32B36D9E400F307E5 /* ScheduleViewController.swift */ = {isa = PBXFileReference; lastKnownFileType = sourcecode.swift; path = ScheduleViewController.swift; sourceTree = "<group>"; };
		053D7DB52B36DA0000F307E5 /* NewTrackerViewController.swift */ = {isa = PBXFileReference; lastKnownFileType = sourcecode.swift; path = NewTrackerViewController.swift; sourceTree = "<group>"; };
		053D7DBA2B36DB5C00F307E5 /* StatisticsViewController.swift */ = {isa = PBXFileReference; lastKnownFileType = sourcecode.swift; path = StatisticsViewController.swift; sourceTree = "<group>"; };
		054E361A2B3F60BE0047844E /* UIColorMarshalling.swift */ = {isa = PBXFileReference; lastKnownFileType = sourcecode.swift; path = UIColorMarshalling.swift; sourceTree = "<group>"; };
		054E36202B3F643C0047844E /* Tracker.xcdatamodel */ = {isa = PBXFileReference; lastKnownFileType = wrapper.xcdatamodel; path = Tracker.xcdatamodel; sourceTree = "<group>"; };
		054E36222B3F64530047844E /* TrackerStore.swift */ = {isa = PBXFileReference; lastKnownFileType = sourcecode.swift; path = TrackerStore.swift; sourceTree = "<group>"; };
		054E36242B3F64650047844E /* TrackerCategoryStore.swift */ = {isa = PBXFileReference; lastKnownFileType = sourcecode.swift; path = TrackerCategoryStore.swift; sourceTree = "<group>"; };
		054E36262B3F64730047844E /* TrackerRecordStore.swift */ = {isa = PBXFileReference; lastKnownFileType = sourcecode.swift; path = TrackerRecordStore.swift; sourceTree = "<group>"; };
		054E36282B3F67240047844E /* FiltersViewController.swift */ = {isa = PBXFileReference; lastKnownFileType = sourcecode.swift; path = FiltersViewController.swift; sourceTree = "<group>"; };
		054E362E2B488A3D0047844E /* OnboardingViewController.swift */ = {isa = PBXFileReference; lastKnownFileType = sourcecode.swift; path = OnboardingViewController.swift; sourceTree = "<group>"; };
		054E36302B4898D60047844E /* AddTrackerViewController.swift */ = {isa = PBXFileReference; lastKnownFileType = sourcecode.swift; path = AddTrackerViewController.swift; sourceTree = "<group>"; };
		054E36332B48A35B0047844E /* ColorCollectionViewCell.swift */ = {isa = PBXFileReference; lastKnownFileType = sourcecode.swift; path = ColorCollectionViewCell.swift; sourceTree = "<group>"; };
		054E36472B494AB90047844E /* SceneDelegate.swift */ = {isa = PBXFileReference; fileEncoding = 4; lastKnownFileType = sourcecode.swift; path = SceneDelegate.swift; sourceTree = "<group>"; };
		054E36492B494AC90047844E /* AppDelegate.swift */ = {isa = PBXFileReference; fileEncoding = 4; lastKnownFileType = sourcecode.swift; path = AppDelegate.swift; sourceTree = "<group>"; };
		054E364B2B494ADA0047844E /* Info.plist */ = {isa = PBXFileReference; fileEncoding = 4; lastKnownFileType = text.plist.xml; path = Info.plist; sourceTree = "<group>"; };
		054E364D2B494AE10047844E /* LaunchScreen.storyboard */ = {isa = PBXFileReference; fileEncoding = 4; lastKnownFileType = file.storyboard; path = LaunchScreen.storyboard; sourceTree = "<group>"; };
		054E364F2B494B130047844E /* Assets.xcassets */ = {isa = PBXFileReference; lastKnownFileType = folder.assetcatalog; path = Assets.xcassets; sourceTree = "<group>"; };
		054E36642B495D680047844E /* en */ = {isa = PBXFileReference; lastKnownFileType = text.plist.strings; name = en; path = en.lproj/Localizable.strings; sourceTree = "<group>"; };
		054E36662B495E040047844E /* ru */ = {isa = PBXFileReference; lastKnownFileType = text.plist.strings; name = ru; path = ru.lproj/Localizable.strings; sourceTree = "<group>"; };
		0597CADC2B66C6770077695D /* EmojiCollectionViewCell.swift */ = {isa = PBXFileReference; lastKnownFileType = sourcecode.swift; path = EmojiCollectionViewCell.swift; sourceTree = "<group>"; };
		0597CADE2B66C6A90077695D /* TrackerViewCell.swift */ = {isa = PBXFileReference; lastKnownFileType = sourcecode.swift; path = TrackerViewCell.swift; sourceTree = "<group>"; };
		0597CAE02B66C6E10077695D /* TrackerCategorySuplemetaryView.swift */ = {isa = PBXFileReference; lastKnownFileType = sourcecode.swift; path = TrackerCategorySuplemetaryView.swift; sourceTree = "<group>"; };
		0597CAE22B66C7DB0077695D /* PageViewController.swift */ = {isa = PBXFileReference; lastKnownFileType = sourcecode.swift; path = PageViewController.swift; sourceTree = "<group>"; };
		0597CAE52B66C98F0077695D /* CategoriesViewController.swift */ = {isa = PBXFileReference; lastKnownFileType = sourcecode.swift; path = CategoriesViewController.swift; sourceTree = "<group>"; };
		0597CAE72B66C9A60077695D /* CategoriesViewModel.swift */ = {isa = PBXFileReference; lastKnownFileType = sourcecode.swift; path = CategoriesViewModel.swift; sourceTree = "<group>"; };
		0597CAE92B66C9BF0077695D /* NewCategoryViewController.swift */ = {isa = PBXFileReference; lastKnownFileType = sourcecode.swift; path = NewCategoryViewController.swift; sourceTree = "<group>"; };
		0597CAEB2B66C9F70077695D /* Colors.swift */ = {isa = PBXFileReference; lastKnownFileType = sourcecode.swift; path = Colors.swift; sourceTree = "<group>"; };
		0597CAED2B66CA550077695D /* SFProText-Bold.ttf */ = {isa = PBXFileReference; lastKnownFileType = file; path = "SFProText-Bold.ttf"; sourceTree = "<group>"; };
		0597CAEF2B66CA700077695D /* SFProText-Medium.ttf */ = {isa = PBXFileReference; lastKnownFileType = file; path = "SFProText-Medium.ttf"; sourceTree = "<group>"; };
		0597CAF12B66CA860077695D /* SFProText-Regular.ttf */ = {isa = PBXFileReference; lastKnownFileType = file; path = "SFProText-Regular.ttf"; sourceTree = "<group>"; };
		05F4657B2B2839FD000D58DC /* Tracker.app */ = {isa = PBXFileReference; explicitFileType = wrapper.application; includeInIndex = 0; path = Tracker.app; sourceTree = BUILT_PRODUCTS_DIR; };
		05F465922B283B1A000D58DC /* TabBarViewCiontroller.swift */ = {isa = PBXFileReference; lastKnownFileType = sourcecode.swift; path = TabBarViewCiontroller.swift; sourceTree = "<group>"; };
		05F465AC2B283CD3000D58DC /* Tracker.swift */ = {isa = PBXFileReference; lastKnownFileType = sourcecode.swift; path = Tracker.swift; sourceTree = "<group>"; };
		05F465AE2B283CED000D58DC /* TrackersViewController.swift */ = {isa = PBXFileReference; lastKnownFileType = sourcecode.swift; path = TrackersViewController.swift; sourceTree = "<group>"; };
		05F465B02B283D01000D58DC /* TrackerRecord.swift */ = {isa = PBXFileReference; lastKnownFileType = sourcecode.swift; path = TrackerRecord.swift; sourceTree = "<group>"; };
		05F465B42B283D30000D58DC /* TrackerCategory.swift */ = {isa = PBXFileReference; lastKnownFileType = sourcecode.swift; path = TrackerCategory.swift; sourceTree = "<group>"; };
		05F465B62B283D41000D58DC /* AnalyticService.swift */ = {isa = PBXFileReference; lastKnownFileType = sourcecode.swift; path = AnalyticService.swift; sourceTree = "<group>"; };
/* End PBXFileReference section */

/* Begin PBXFrameworksBuildPhase section */
		05F465782B2839FD000D58DC /* Frameworks */ = {
			isa = PBXFrameworksBuildPhase;
			buildActionMask = 2147483647;
			files = (
			);
			runOnlyForDeploymentPostprocessing = 0;
		};
/* End PBXFrameworksBuildPhase section */

/* Begin PBXGroup section */
		053D7DB22B36D9C700F307E5 /* Schedule */ = {
			isa = PBXGroup;
			children = (
				053D7DB32B36D9E400F307E5 /* ScheduleViewController.swift */,
			);
			path = Schedule;
			sourceTree = "<group>";
		};
		053D7DC82B36E1B800F307E5 /* Tracker */ = {
			isa = PBXGroup;
			children = (
				05F465922B283B1A000D58DC /* TabBarViewCiontroller.swift */,
				053D7DBA2B36DB5C00F307E5 /* StatisticsViewController.swift */,
				05F465AE2B283CED000D58DC /* TrackersViewController.swift */,
				0597CAE02B66C6E10077695D /* TrackerCategorySuplemetaryView.swift */,
				054E36302B4898D60047844E /* AddTrackerViewController.swift */,
				0597CADE2B66C6A90077695D /* TrackerViewCell.swift */,
				0597CADC2B66C6770077695D /* EmojiCollectionViewCell.swift */,
				054E36332B48A35B0047844E /* ColorCollectionViewCell.swift */,
				05F465B62B283D41000D58DC /* AnalyticService.swift */,
				054E36282B3F67240047844E /* FiltersViewController.swift */,
				0597CAE42B66C92F0077695D /* CategoriesView */,
				054E36512B494B7F0047844E /* Application */,
				053D7DB22B36D9C700F307E5 /* Schedule */,
				054E362D2B488A000047844E /* Onboarding */,
				053D7DC92B36E1E100F307E5 /* Models */,
				054E36062B3F5A0A0047844E /* CoreDatа */,
			);
			path = Tracker;
			sourceTree = "<group>";
		};
		053D7DC92B36E1E100F307E5 /* Models */ = {
			isa = PBXGroup;
			children = (
				05F465AC2B283CD3000D58DC /* Tracker.swift */,
				05F465B42B283D30000D58DC /* TrackerCategory.swift */,
				05F465B02B283D01000D58DC /* TrackerRecord.swift */,
				053D7DB52B36DA0000F307E5 /* NewTrackerViewController.swift */,
			);
			path = Models;
			sourceTree = "<group>";
		};
		054E36062B3F5A0A0047844E /* CoreDatа */ = {
			isa = PBXGroup;
			children = (
				054E361F2B3F643C0047844E /* DataBase.xcdatamodeld */,
				054E36222B3F64530047844E /* TrackerStore.swift */,
				054E36242B3F64650047844E /* TrackerCategoryStore.swift */,
				054E36262B3F64730047844E /* TrackerRecordStore.swift */,
				054E361A2B3F60BE0047844E /* UIColorMarshalling.swift */,
			);
			path = "CoreDatа";
			sourceTree = "<group>";
		};
		054E362D2B488A000047844E /* Onboarding */ = {
			isa = PBXGroup;
			children = (
				054E362E2B488A3D0047844E /* OnboardingViewController.swift */,
				0597CAE22B66C7DB0077695D /* PageViewController.swift */,
			);
			path = Onboarding;
			sourceTree = "<group>";
		};
		054E36512B494B7F0047844E /* Application */ = {
			isa = PBXGroup;
			children = (
				054E36472B494AB90047844E /* SceneDelegate.swift */,
				054E36492B494AC90047844E /* AppDelegate.swift */,
				054E364D2B494AE10047844E /* LaunchScreen.storyboard */,
				054E364F2B494B130047844E /* Assets.xcassets */,
				0597CAEB2B66C9F70077695D /* Colors.swift */,
				054E364B2B494ADA0047844E /* Info.plist */,
				0597CAED2B66CA550077695D /* SFProText-Bold.ttf */,
				0597CAEF2B66CA700077695D /* SFProText-Medium.ttf */,
				0597CAF12B66CA860077695D /* SFProText-Regular.ttf */,
				054E36652B495D680047844E /* Localizable.strings */,
			);
			path = Application;
			sourceTree = "<group>";
		};
		0597CAE42B66C92F0077695D /* CategoriesView */ = {
			isa = PBXGroup;
			children = (
				0597CAE52B66C98F0077695D /* CategoriesViewController.swift */,
				0597CAE72B66C9A60077695D /* CategoriesViewModel.swift */,
				0597CAE92B66C9BF0077695D /* NewCategoryViewController.swift */,
			);
			path = CategoriesView;
			sourceTree = "<group>";
		};
		05F465722B2839FD000D58DC = {
			isa = PBXGroup;
			children = (
				053D7DC82B36E1B800F307E5 /* Tracker */,
				05F4657C2B2839FD000D58DC /* Products */,
			);
			sourceTree = "<group>";
		};
		05F4657C2B2839FD000D58DC /* Products */ = {
			isa = PBXGroup;
			children = (
				05F4657B2B2839FD000D58DC /* Tracker.app */,
			);
			name = Products;
			sourceTree = "<group>";
		};
/* End PBXGroup section */

/* Begin PBXNativeTarget section */
		05F4657A2B2839FD000D58DC /* Tracker */ = {
			isa = PBXNativeTarget;
			buildConfigurationList = 05F4658F2B2839FE000D58DC /* Build configuration list for PBXNativeTarget "Tracker" */;
			buildPhases = (
				05F465772B2839FD000D58DC /* Sources */,
				05F465782B2839FD000D58DC /* Frameworks */,
				05F465792B2839FD000D58DC /* Resources */,
			);
			buildRules = (
			);
			dependencies = (
			);
			name = Tracker;
			productName = Tracker;
			productReference = 05F4657B2B2839FD000D58DC /* Tracker.app */;
			productType = "com.apple.product-type.application";
		};
/* End PBXNativeTarget section */

/* Begin PBXProject section */
		05F465732B2839FD000D58DC /* Project object */ = {
			isa = PBXProject;
			attributes = {
				BuildIndependentTargetsInParallel = 1;
				LastSwiftUpdateCheck = 1500;
				LastUpgradeCheck = 1500;
				TargetAttributes = {
					05F4657A2B2839FD000D58DC = {
						CreatedOnToolsVersion = 15.0.1;
					};
				};
			};
			buildConfigurationList = 05F465762B2839FD000D58DC /* Build configuration list for PBXProject "Tracker" */;
			compatibilityVersion = "Xcode 14.0";
			developmentRegion = en;
			hasScannedForEncodings = 0;
			knownRegions = (
				en,
				Base,
				ru,
			);
			mainGroup = 05F465722B2839FD000D58DC;
			productRefGroup = 05F4657C2B2839FD000D58DC /* Products */;
			projectDirPath = "";
			projectRoot = "";
			targets = (
				05F4657A2B2839FD000D58DC /* Tracker */,
			);
		};
/* End PBXProject section */

/* Begin PBXResourcesBuildPhase section */
		05F465792B2839FD000D58DC /* Resources */ = {
			isa = PBXResourcesBuildPhase;
			buildActionMask = 2147483647;
			files = (
				054E36592B4959C80047844E /* Assets.xcassets in Resources */,
				0597CAF22B66CA860077695D /* SFProText-Regular.ttf in Resources */,
				054E36632B495D680047844E /* Localizable.strings in Resources */,
				054E36582B4959C00047844E /* LaunchScreen.storyboard in Resources */,
				0597CAEE2B66CA550077695D /* SFProText-Bold.ttf in Resources */,
				0597CAF02B66CA700077695D /* SFProText-Medium.ttf in Resources */,
			);
			runOnlyForDeploymentPostprocessing = 0;
		};
/* End PBXResourcesBuildPhase section */

/* Begin PBXSourcesBuildPhase section */
		05F465772B2839FD000D58DC /* Sources */ = {
			isa = PBXSourcesBuildPhase;
			buildActionMask = 2147483647;
			files = (
				054E36342B48A35B0047844E /* ColorCollectionViewCell.swift in Sources */,
				0597CADF2B66C6A90077695D /* TrackerViewCell.swift in Sources */,
				054E36232B3F64530047844E /* TrackerStore.swift in Sources */,
				05F465B72B283D41000D58DC /* AnalyticService.swift in Sources */,
				053D7DB42B36D9E400F307E5 /* ScheduleViewController.swift in Sources */,
				054E36272B3F64730047844E /* TrackerRecordStore.swift in Sources */,
				0597CAE12B66C6E10077695D /* TrackerCategorySuplemetaryView.swift in Sources */,
				054E36482B494AB90047844E /* SceneDelegate.swift in Sources */,
				054E36252B3F64650047844E /* TrackerCategoryStore.swift in Sources */,
				0597CAE62B66C98F0077695D /* CategoriesViewController.swift in Sources */,
				0597CAEA2B66C9BF0077695D /* NewCategoryViewController.swift in Sources */,
				0597CADD2B66C6770077695D /* EmojiCollectionViewCell.swift in Sources */,
				054E364A2B494AC90047844E /* AppDelegate.swift in Sources */,
				05F465932B283B1A000D58DC /* TabBarViewCiontroller.swift in Sources */,
				05F465AD2B283CD3000D58DC /* Tracker.swift in Sources */,
				054E361B2B3F60BE0047844E /* UIColorMarshalling.swift in Sources */,
				053D7DBB2B36DB5C00F307E5 /* StatisticsViewController.swift in Sources */,
				0597CAEC2B66C9F70077695D /* Colors.swift in Sources */,
				0597CAE32B66C7DB0077695D /* PageViewController.swift in Sources */,
				05F465B12B283D01000D58DC /* TrackerRecord.swift in Sources */,
				054E36312B4898D60047844E /* AddTrackerViewController.swift in Sources */,
				054E36212B3F643C0047844E /* DataBase.xcdatamodeld in Sources */,
				05F465AF2B283CED000D58DC /* TrackersViewController.swift in Sources */,
				054E362F2B488A3D0047844E /* OnboardingViewController.swift in Sources */,
				0597CAE82B66C9A60077695D /* CategoriesViewModel.swift in Sources */,
				05F465B52B283D30000D58DC /* TrackerCategory.swift in Sources */,
				054E36292B3F67240047844E /* FiltersViewController.swift in Sources */,
				053D7DB62B36DA0000F307E5 /* NewTrackerViewController.swift in Sources */,
			);
			runOnlyForDeploymentPostprocessing = 0;
		};
/* End PBXSourcesBuildPhase section */

/* Begin PBXVariantGroup section */
		054E36652B495D680047844E /* Localizable.strings */ = {
			isa = PBXVariantGroup;
			children = (
				054E36642B495D680047844E /* en */,
				054E36662B495E040047844E /* ru */,
			);
			name = Localizable.strings;
			sourceTree = "<group>";
		};
/* End PBXVariantGroup section */

/* Begin XCBuildConfiguration section */
		05F4658D2B2839FE000D58DC /* Debug */ = {
			isa = XCBuildConfiguration;
			buildSettings = {
				ALWAYS_SEARCH_USER_PATHS = NO;
				CLANG_ANALYZER_LOCALIZABILITY_NONLOCALIZED = YES;
				CLANG_ANALYZER_NONNULL = YES;
				CLANG_ANALYZER_NUMBER_OBJECT_CONVERSION = YES_AGGRESSIVE;
				CLANG_CXX_LANGUAGE_STANDARD = "gnu++20";
				CLANG_ENABLE_MODULES = YES;
				CLANG_ENABLE_OBJC_ARC = YES;
				CLANG_ENABLE_OBJC_WEAK = YES;
				CLANG_WARN_BLOCK_CAPTURE_AUTORELEASING = YES;
				CLANG_WARN_BOOL_CONVERSION = YES;
				CLANG_WARN_COMMA = YES;
				CLANG_WARN_CONSTANT_CONVERSION = YES;
				CLANG_WARN_DEPRECATED_OBJC_IMPLEMENTATIONS = YES;
				CLANG_WARN_DIRECT_OBJC_ISA_USAGE = YES_ERROR;
				CLANG_WARN_DOCUMENTATION_COMMENTS = YES;
				CLANG_WARN_EMPTY_BODY = YES;
				CLANG_WARN_ENUM_CONVERSION = YES;
				CLANG_WARN_INFINITE_RECURSION = YES;
				CLANG_WARN_INT_CONVERSION = YES;
				CLANG_WARN_NON_LITERAL_NULL_CONVERSION = YES;
				CLANG_WARN_OBJC_IMPLICIT_RETAIN_SELF = YES;
				CLANG_WARN_OBJC_LITERAL_CONVERSION = YES;
				CLANG_WARN_OBJC_ROOT_CLASS = YES_ERROR;
				CLANG_WARN_QUOTED_INCLUDE_IN_FRAMEWORK_HEADER = YES;
				CLANG_WARN_RANGE_LOOP_ANALYSIS = YES;
				CLANG_WARN_STRICT_PROTOTYPES = YES;
				CLANG_WARN_SUSPICIOUS_MOVE = YES;
				CLANG_WARN_UNGUARDED_AVAILABILITY = YES_AGGRESSIVE;
				CLANG_WARN_UNREACHABLE_CODE = YES;
				CLANG_WARN__DUPLICATE_METHOD_MATCH = YES;
				COPY_PHASE_STRIP = NO;
				DEBUG_INFORMATION_FORMAT = dwarf;
				ENABLE_STRICT_OBJC_MSGSEND = YES;
				ENABLE_TESTABILITY = YES;
				GCC_C_LANGUAGE_STANDARD = gnu11;
				GCC_DYNAMIC_NO_PIC = NO;
				GCC_NO_COMMON_BLOCKS = YES;
				GCC_OPTIMIZATION_LEVEL = 0;
				GCC_PREPROCESSOR_DEFINITIONS = (
					"DEBUG=1",
					"$(inherited)",
				);
				GCC_WARN_64_TO_32_BIT_CONVERSION = YES;
				GCC_WARN_ABOUT_RETURN_TYPE = YES_ERROR;
				GCC_WARN_UNDECLARED_SELECTOR = YES;
				GCC_WARN_UNINITIALIZED_AUTOS = YES_AGGRESSIVE;
				GCC_WARN_UNUSED_FUNCTION = YES;
				GCC_WARN_UNUSED_VARIABLE = YES;
				IPHONEOS_DEPLOYMENT_TARGET = 13.4;
				MTL_ENABLE_DEBUG_INFO = INCLUDE_SOURCE;
				MTL_FAST_MATH = YES;
				ONLY_ACTIVE_ARCH = YES;
				SDKROOT = iphoneos;
				SWIFT_ACTIVE_COMPILATION_CONDITIONS = "DEBUG $(inherited)";
				SWIFT_OPTIMIZATION_LEVEL = "-Onone";
			};
			name = Debug;
		};
		05F4658E2B2839FE000D58DC /* Release */ = {
			isa = XCBuildConfiguration;
			buildSettings = {
				ALWAYS_SEARCH_USER_PATHS = NO;
				CLANG_ANALYZER_LOCALIZABILITY_NONLOCALIZED = YES;
				CLANG_ANALYZER_NONNULL = YES;
				CLANG_ANALYZER_NUMBER_OBJECT_CONVERSION = YES_AGGRESSIVE;
				CLANG_CXX_LANGUAGE_STANDARD = "gnu++20";
				CLANG_ENABLE_MODULES = YES;
				CLANG_ENABLE_OBJC_ARC = YES;
				CLANG_ENABLE_OBJC_WEAK = YES;
				CLANG_WARN_BLOCK_CAPTURE_AUTORELEASING = YES;
				CLANG_WARN_BOOL_CONVERSION = YES;
				CLANG_WARN_COMMA = YES;
				CLANG_WARN_CONSTANT_CONVERSION = YES;
				CLANG_WARN_DEPRECATED_OBJC_IMPLEMENTATIONS = YES;
				CLANG_WARN_DIRECT_OBJC_ISA_USAGE = YES_ERROR;
				CLANG_WARN_DOCUMENTATION_COMMENTS = YES;
				CLANG_WARN_EMPTY_BODY = YES;
				CLANG_WARN_ENUM_CONVERSION = YES;
				CLANG_WARN_INFINITE_RECURSION = YES;
				CLANG_WARN_INT_CONVERSION = YES;
				CLANG_WARN_NON_LITERAL_NULL_CONVERSION = YES;
				CLANG_WARN_OBJC_IMPLICIT_RETAIN_SELF = YES;
				CLANG_WARN_OBJC_LITERAL_CONVERSION = YES;
				CLANG_WARN_OBJC_ROOT_CLASS = YES_ERROR;
				CLANG_WARN_QUOTED_INCLUDE_IN_FRAMEWORK_HEADER = YES;
				CLANG_WARN_RANGE_LOOP_ANALYSIS = YES;
				CLANG_WARN_STRICT_PROTOTYPES = YES;
				CLANG_WARN_SUSPICIOUS_MOVE = YES;
				CLANG_WARN_UNGUARDED_AVAILABILITY = YES_AGGRESSIVE;
				CLANG_WARN_UNREACHABLE_CODE = YES;
				CLANG_WARN__DUPLICATE_METHOD_MATCH = YES;
				COPY_PHASE_STRIP = NO;
				DEBUG_INFORMATION_FORMAT = "dwarf-with-dsym";
				ENABLE_NS_ASSERTIONS = NO;
				ENABLE_STRICT_OBJC_MSGSEND = YES;
				GCC_C_LANGUAGE_STANDARD = gnu11;
				GCC_NO_COMMON_BLOCKS = YES;
				GCC_WARN_64_TO_32_BIT_CONVERSION = YES;
				GCC_WARN_ABOUT_RETURN_TYPE = YES_ERROR;
				GCC_WARN_UNDECLARED_SELECTOR = YES;
				GCC_WARN_UNINITIALIZED_AUTOS = YES_AGGRESSIVE;
				GCC_WARN_UNUSED_FUNCTION = YES;
				GCC_WARN_UNUSED_VARIABLE = YES;
				IPHONEOS_DEPLOYMENT_TARGET = 13.4;
				MTL_ENABLE_DEBUG_INFO = NO;
				MTL_FAST_MATH = YES;
				SDKROOT = iphoneos;
				SWIFT_COMPILATION_MODE = wholemodule;
				SWIFT_OPTIMIZATION_LEVEL = "-O";
				VALIDATE_PRODUCT = YES;
			};
			name = Release;
		};
		05F465902B2839FE000D58DC /* Debug */ = {
			isa = XCBuildConfiguration;
			buildSettings = {
				ASSETCATALOG_COMPILER_APPICON_NAME = AppIcon;
				ASSETCATALOG_COMPILER_GLOBAL_ACCENT_COLOR_NAME = AccentColor;
				CODE_SIGN_STYLE = Automatic;
				CURRENT_PROJECT_VERSION = 1;
				DEVELOPMENT_TEAM = QG29A57C4K;
				GENERATE_INFOPLIST_FILE = YES;
				INFOPLIST_FILE = Tracker/Application/Info.plist;
				INFOPLIST_KEY_UIApplicationSupportsIndirectInputEvents = YES;
				INFOPLIST_KEY_UILaunchStoryboardName = LaunchScreen;
				INFOPLIST_KEY_UISupportedInterfaceOrientations_iPad = "UIInterfaceOrientationLandscapeLeft UIInterfaceOrientationLandscapeRight UIInterfaceOrientationPortrait UIInterfaceOrientationPortraitUpsideDown";
				INFOPLIST_KEY_UISupportedInterfaceOrientations_iPhone = "UIInterfaceOrientationPortrait UIInterfaceOrientationLandscapeLeft UIInterfaceOrientationLandscapeRight";
				IPHONEOS_DEPLOYMENT_TARGET = 13.4;
				LD_RUNPATH_SEARCH_PATHS = (
					"$(inherited)",
					"@executable_path/Frameworks",
				);
				MARKETING_VERSION = 1.0;
				PRODUCT_BUNDLE_IDENTIFIER = TatyanaVildanova.Tracker;
				PRODUCT_NAME = "$(TARGET_NAME)";
				SUPPORTED_PLATFORMS = "iphoneos iphonesimulator";
				SUPPORTS_MACCATALYST = NO;
				SUPPORTS_MAC_DESIGNED_FOR_IPHONE_IPAD = NO;
				SWIFT_EMIT_LOC_STRINGS = YES;
				SWIFT_VERSION = 5.0;
				TARGETED_DEVICE_FAMILY = 1;
			};
			name = Debug;
		};
		05F465912B2839FE000D58DC /* Release */ = {
			isa = XCBuildConfiguration;
			buildSettings = {
				ASSETCATALOG_COMPILER_APPICON_NAME = AppIcon;
				ASSETCATALOG_COMPILER_GLOBAL_ACCENT_COLOR_NAME = AccentColor;
				CODE_SIGN_STYLE = Automatic;
				CURRENT_PROJECT_VERSION = 1;
				DEVELOPMENT_TEAM = QG29A57C4K;
				GENERATE_INFOPLIST_FILE = YES;
				INFOPLIST_FILE = Tracker/Application/Info.plist;
				INFOPLIST_KEY_UIApplicationSupportsIndirectInputEvents = YES;
				INFOPLIST_KEY_UILaunchStoryboardName = LaunchScreen;
				INFOPLIST_KEY_UISupportedInterfaceOrientations_iPad = "UIInterfaceOrientationLandscapeLeft UIInterfaceOrientationLandscapeRight UIInterfaceOrientationPortrait UIInterfaceOrientationPortraitUpsideDown";
				INFOPLIST_KEY_UISupportedInterfaceOrientations_iPhone = "UIInterfaceOrientationPortrait UIInterfaceOrientationLandscapeLeft UIInterfaceOrientationLandscapeRight";
				IPHONEOS_DEPLOYMENT_TARGET = 13.4;
				LD_RUNPATH_SEARCH_PATHS = (
					"$(inherited)",
					"@executable_path/Frameworks",
				);
				MARKETING_VERSION = 1.0;
				PRODUCT_BUNDLE_IDENTIFIER = TatyanaVildanova.Tracker;
				PRODUCT_NAME = "$(TARGET_NAME)";
				SUPPORTED_PLATFORMS = "iphoneos iphonesimulator";
				SUPPORTS_MACCATALYST = NO;
				SUPPORTS_MAC_DESIGNED_FOR_IPHONE_IPAD = NO;
				SWIFT_EMIT_LOC_STRINGS = YES;
				SWIFT_VERSION = 5.0;
				TARGETED_DEVICE_FAMILY = 1;
			};
			name = Release;
		};
/* End XCBuildConfiguration section */

/* Begin XCConfigurationList section */
		05F465762B2839FD000D58DC /* Build configuration list for PBXProject "Tracker" */ = {
			isa = XCConfigurationList;
			buildConfigurations = (
				05F4658D2B2839FE000D58DC /* Debug */,
				05F4658E2B2839FE000D58DC /* Release */,
			);
			defaultConfigurationIsVisible = 0;
			defaultConfigurationName = Release;
		};
		05F4658F2B2839FE000D58DC /* Build configuration list for PBXNativeTarget "Tracker" */ = {
			isa = XCConfigurationList;
			buildConfigurations = (
				05F465902B2839FE000D58DC /* Debug */,
				05F465912B2839FE000D58DC /* Release */,
			);
			defaultConfigurationIsVisible = 0;
			defaultConfigurationName = Release;
		};
/* End XCConfigurationList section */

/* Begin XCVersionGroup section */
		054E361F2B3F643C0047844E /* DataBase.xcdatamodeld */ = {
			isa = XCVersionGroup;
			children = (
				054E36202B3F643C0047844E /* Tracker.xcdatamodel */,
			);
			currentVersion = 054E36202B3F643C0047844E /* Tracker.xcdatamodel */;
			path = DataBase.xcdatamodeld;
			sourceTree = "<group>";
			versionGroupType = wrapper.xcdatamodel;
		};
/* End XCVersionGroup section */
	};
	rootObject = 05F465732B2839FD000D58DC /* Project object */;
}
